
Microsoft Visual Studio Solution File, Format Version 12.00
# Visual Studio Version 16
VisualStudioVersion = 16.0.31402.337
MinimumVisualStudioVersion = 10.0.40219.1
Project("{FAE04EC0-301F-11D3-BF4B-00C04F79EFBC}") = "SIS_Operational_Reports", "SIS_Operational_Reports\SIS_Operational_Reports.csproj", "{ACF43C33-6C26-4E86-87B3-06E2F05F0DF4}"
EndProject
Project("{FAE04EC0-301F-11D3-BF4B-00C04F79EFBC}") = "DataBuildingLayer", "DataBuildingLayer\DataBuildingLayer.csproj", "{0EFFEE06-0979-441C-9357-2667AC28071A}"
EndProject
Global
	GlobalSection(SolutionConfigurationPlatforms) = preSolution
		Debug|Any CPU = Debug|Any CPU
		Release|Any CPU = Release|Any CPU
	EndGlobalSection
	GlobalSection(ProjectConfigurationPlatforms) = postSolution
		{ACF43C33-6C26-4E86-87B3-06E2F05F0DF4}.Debug|Any CPU.ActiveCfg = Debug|Any CPU
		{ACF43C33-6C26-4E86-87B3-06E2F05F0DF4}.Debug|Any CPU.Build.0 = Debug|Any CPU
		{ACF43C33-6C26-4E86-87B3-06E2F05F0DF4}.Release|Any CPU.ActiveCfg = Release|Any CPU
		{ACF43C33-6C26-4E86-87B3-06E2F05F0DF4}.Release|Any CPU.Build.0 = Release|Any CPU
		{0EFFEE06-0979-441C-9357-2667AC28071A}.Debug|Any CPU.ActiveCfg = Debug|Any CPU
		{0EFFEE06-0979-441C-9357-2667AC28071A}.Debug|Any CPU.Build.0 = Debug|Any CPU
		{0EFFEE06-0979-441C-9357-2667AC28071A}.Release|Any CPU.ActiveCfg = Release|Any CPU
		{0EFFEE06-0979-441C-9357-2667AC28071A}.Release|Any CPU.Build.0 = Release|Any CPU
	EndGlobalSection
	GlobalSection(SolutionProperties) = preSolution
		HideSolutionNode = FALSE
	EndGlobalSection
	GlobalSection(ExtensibilityGlobals) = postSolution
		SolutionGuid = {228CBE00-6892-4FEA-B27F-B30833EA3250}
	EndGlobalSection
EndGlobal
